
Microsoft Visual Studio Solution File, Format Version 12.00
# Visual Studio Version 17
VisualStudioVersion = 17.10.35013.160
MinimumVisualStudioVersion = 10.0.40219.1
Project("{FAE04EC0-301F-11D3-BF4B-00C04F79EFBC}") = "SERVICE-DAVrun", "SERVICE-DAVrun\SERVICE-DAVrun.csproj", "{092FD1D5-6317-47B0-849B-2948260833AE}"
EndProject
Global
	GlobalSection(SolutionConfigurationPlatforms) = preSolution
		Debug|Any CPU = Debug|Any CPU
		Release|Any CPU = Release|Any CPU
	EndGlobalSection
	GlobalSection(ProjectConfigurationPlatforms) = postSolution
		{092FD1D5-6317-47B0-849B-2948260833AE}.Debug|Any CPU.ActiveCfg = Debug|Any CPU
		{092FD1D5-6317-47B0-849B-2948260833AE}.Debug|Any CPU.Build.0 = Debug|Any CPU
		{092FD1D5-6317-47B0-849B-2948260833AE}.Release|Any CPU.ActiveCfg = Release|Any CPU
		{092FD1D5-6317-47B0-849B-2948260833AE}.Release|Any CPU.Build.0 = Release|Any CPU
	EndGlobalSection
	GlobalSection(SolutionProperties) = preSolution
		HideSolutionNode = FALSE
	EndGlobalSection
	GlobalSection(ExtensibilityGlobals) = postSolution
		SolutionGuid = {E80F0F22-4C2B-49DD-AE44-C3A22D12F6D5}
	EndGlobalSection
EndGlobal
