
Microsoft Visual Studio Solution File, Format Version 12.00
# Visual Studio Version 17
VisualStudioVersion = 17.9.34902.65
MinimumVisualStudioVersion = 10.0.40219.1
Project("{FAE04EC0-301F-11D3-BF4B-00C04F79EFBC}") = "Admin DAVrun", "Admin DAVrun\Admin DAVrun.csproj", "{5B805999-7DAA-4EBA-A3CA-658F06B8BC79}"
EndProject
Global
	GlobalSection(SolutionConfigurationPlatforms) = preSolution
		Debug|Any CPU = Debug|Any CPU
		Release|Any CPU = Release|Any CPU
	EndGlobalSection
	GlobalSection(ProjectConfigurationPlatforms) = postSolution
		{5B805999-7DAA-4EBA-A3CA-658F06B8BC79}.Debug|Any CPU.ActiveCfg = Debug|Any CPU
		{5B805999-7DAA-4EBA-A3CA-658F06B8BC79}.Debug|Any CPU.Build.0 = Debug|Any CPU
		{5B805999-7DAA-4EBA-A3CA-658F06B8BC79}.Release|Any CPU.ActiveCfg = Release|Any CPU
		{5B805999-7DAA-4EBA-A3CA-658F06B8BC79}.Release|Any CPU.Build.0 = Release|Any CPU
	EndGlobalSection
	GlobalSection(SolutionProperties) = preSolution
		HideSolutionNode = FALSE
	EndGlobalSection
	GlobalSection(ExtensibilityGlobals) = postSolution
		SolutionGuid = {32395E99-4D3D-4BC1-A5EF-552C6A7EDDF9}
	EndGlobalSection
EndGlobal
